
Microsoft Visual Studio Solution File, Format Version 12.00
# Visual Studio 14
VisualStudioVersion = 14.0.25420.1
MinimumVisualStudioVersion = 10.0.40219.1
Project("{FAE04EC0-301F-11D3-BF4B-00C04F79EFBC}") = "SitulClasei", "SitulClasei\SitulClasei.csproj", "{9A913B3E-24B8-48B5-B1BA-FC878733CE34}"
EndProject
Project("{2150E333-8FDC-42A3-9474-1A3956D46DE8}") = "BusinessLogic", "BusinessLogic", "{579C4825-369C-425A-B073-5FC2CB360E3A}"
EndProject
Project("{2150E333-8FDC-42A3-9474-1A3956D46DE8}") = "Presentation", "Presentation", "{37F3B74F-8F38-41D8-98A9-00E5BABAE65D}"
EndProject
Project("{2150E333-8FDC-42A3-9474-1A3956D46DE8}") = "DataLayer", "DataLayer", "{F8759486-A9D2-40F1-B3A2-813A173473AB}"
EndProject
Project("{2150E333-8FDC-42A3-9474-1A3956D46DE8}") = "Models", "Models", "{4A2DB7C7-8BDC-4B97-A9C8-EA0B72665D50}"
EndProject
Project("{FAE04EC0-301F-11D3-BF4B-00C04F79EFBC}") = "Models", "Models\Models.csproj", "{F5901392-B958-49EE-A705-5FB4059D5C77}"
EndProject
Project("{FAE04EC0-301F-11D3-BF4B-00C04F79EFBC}") = "DataLayer", "DataLayer\DataLayer.csproj", "{684524E0-CA70-400D-AA45-8E2CC82BBA56}"
EndProject
Project("{FAE04EC0-301F-11D3-BF4B-00C04F79EFBC}") = "BusinessLogic", "BusinessLogic\BusinessLogic.csproj", "{B545C8A0-FD48-4548-8206-5E4B5C7808F8}"
EndProject
Project("{2150E333-8FDC-42A3-9474-1A3956D46DE8}") = "ThirdParty", "ThirdParty", "{1C5D0B93-9982-481C-9C7E-6E2566D06486}"
EndProject
Project("{FAE04EC0-301F-11D3-BF4B-00C04F79EFBC}") = "LoggingService", "LoggingService\LoggingService.csproj", "{4322CCC0-1DBA-4301-80C9-A654F32A788C}"
EndProject
Project("{FAE04EC0-301F-11D3-BF4B-00C04F79EFBC}") = "Common", "Common\Common.csproj", "{60D21A57-2D12-4964-9502-819934BA92C5}"
EndProject
Global
	GlobalSection(SolutionConfigurationPlatforms) = preSolution
		Debug|Any CPU = Debug|Any CPU
		Release|Any CPU = Release|Any CPU
	EndGlobalSection
	GlobalSection(ProjectConfigurationPlatforms) = postSolution
		{9A913B3E-24B8-48B5-B1BA-FC878733CE34}.Debug|Any CPU.ActiveCfg = Debug|Any CPU
		{9A913B3E-24B8-48B5-B1BA-FC878733CE34}.Debug|Any CPU.Build.0 = Debug|Any CPU
		{9A913B3E-24B8-48B5-B1BA-FC878733CE34}.Release|Any CPU.ActiveCfg = Release|Any CPU
		{9A913B3E-24B8-48B5-B1BA-FC878733CE34}.Release|Any CPU.Build.0 = Release|Any CPU
		{F5901392-B958-49EE-A705-5FB4059D5C77}.Debug|Any CPU.ActiveCfg = Debug|Any CPU
		{F5901392-B958-49EE-A705-5FB4059D5C77}.Debug|Any CPU.Build.0 = Debug|Any CPU
		{F5901392-B958-49EE-A705-5FB4059D5C77}.Release|Any CPU.ActiveCfg = Release|Any CPU
		{F5901392-B958-49EE-A705-5FB4059D5C77}.Release|Any CPU.Build.0 = Release|Any CPU
		{684524E0-CA70-400D-AA45-8E2CC82BBA56}.Debug|Any CPU.ActiveCfg = Debug|Any CPU
		{684524E0-CA70-400D-AA45-8E2CC82BBA56}.Debug|Any CPU.Build.0 = Debug|Any CPU
		{684524E0-CA70-400D-AA45-8E2CC82BBA56}.Release|Any CPU.ActiveCfg = Release|Any CPU
		{684524E0-CA70-400D-AA45-8E2CC82BBA56}.Release|Any CPU.Build.0 = Release|Any CPU
		{B545C8A0-FD48-4548-8206-5E4B5C7808F8}.Debug|Any CPU.ActiveCfg = Debug|Any CPU
		{B545C8A0-FD48-4548-8206-5E4B5C7808F8}.Debug|Any CPU.Build.0 = Debug|Any CPU
		{B545C8A0-FD48-4548-8206-5E4B5C7808F8}.Release|Any CPU.ActiveCfg = Release|Any CPU
		{B545C8A0-FD48-4548-8206-5E4B5C7808F8}.Release|Any CPU.Build.0 = Release|Any CPU
		{4322CCC0-1DBA-4301-80C9-A654F32A788C}.Debug|Any CPU.ActiveCfg = Debug|Any CPU
		{4322CCC0-1DBA-4301-80C9-A654F32A788C}.Debug|Any CPU.Build.0 = Debug|Any CPU
		{4322CCC0-1DBA-4301-80C9-A654F32A788C}.Release|Any CPU.ActiveCfg = Release|Any CPU
		{4322CCC0-1DBA-4301-80C9-A654F32A788C}.Release|Any CPU.Build.0 = Release|Any CPU
		{60D21A57-2D12-4964-9502-819934BA92C5}.Debug|Any CPU.ActiveCfg = Debug|Any CPU
		{60D21A57-2D12-4964-9502-819934BA92C5}.Debug|Any CPU.Build.0 = Debug|Any CPU
		{60D21A57-2D12-4964-9502-819934BA92C5}.Release|Any CPU.ActiveCfg = Release|Any CPU
		{60D21A57-2D12-4964-9502-819934BA92C5}.Release|Any CPU.Build.0 = Release|Any CPU
	EndGlobalSection
	GlobalSection(SolutionProperties) = preSolution
		HideSolutionNode = FALSE
	EndGlobalSection
	GlobalSection(NestedProjects) = preSolution
		{9A913B3E-24B8-48B5-B1BA-FC878733CE34} = {37F3B74F-8F38-41D8-98A9-00E5BABAE65D}
		{F5901392-B958-49EE-A705-5FB4059D5C77} = {4A2DB7C7-8BDC-4B97-A9C8-EA0B72665D50}
		{684524E0-CA70-400D-AA45-8E2CC82BBA56} = {F8759486-A9D2-40F1-B3A2-813A173473AB}
		{B545C8A0-FD48-4548-8206-5E4B5C7808F8} = {579C4825-369C-425A-B073-5FC2CB360E3A}
		{4322CCC0-1DBA-4301-80C9-A654F32A788C} = {1C5D0B93-9982-481C-9C7E-6E2566D06486}
		{60D21A57-2D12-4964-9502-819934BA92C5} = {4A2DB7C7-8BDC-4B97-A9C8-EA0B72665D50}
	EndGlobalSection
EndGlobal
